
Microsoft Visual Studio Solution File, Format Version 12.00
# Visual Studio Version 17
VisualStudioVersion = 17.4.33213.308
MinimumVisualStudioVersion = 10.0.40219.1
Project("{9A19103F-16F7-4668-BE54-9A1E7A4F7556}") = "Nest Deck", "Ares\Nest Deck.csproj", "{4A6004F9-D1B7-479E-9B83-FA21B96A3A6D}"
EndProject
Project("{9A19103F-16F7-4668-BE54-9A1E7A4F7556}") = "GoogleCast", "..\GoogleCast\GoogleCast\GoogleCast.csproj", "{03615E69-5013-4770-B39F-1761C293D121}"
EndProject
Global
	GlobalSection(SolutionConfigurationPlatforms) = preSolution
		Debug|Any CPU = Debug|Any CPU
		Release|Any CPU = Release|Any CPU
	EndGlobalSection
	GlobalSection(ProjectConfigurationPlatforms) = postSolution
		{4A6004F9-D1B7-479E-9B83-FA21B96A3A6D}.Debug|Any CPU.ActiveCfg = Debug|Any CPU
		{4A6004F9-D1B7-479E-9B83-FA21B96A3A6D}.Debug|Any CPU.Build.0 = Debug|Any CPU
		{4A6004F9-D1B7-479E-9B83-FA21B96A3A6D}.Release|Any CPU.ActiveCfg = Release|Any CPU
		{4A6004F9-D1B7-479E-9B83-FA21B96A3A6D}.Release|Any CPU.Build.0 = Release|Any CPU
		{03615E69-5013-4770-B39F-1761C293D121}.Debug|Any CPU.ActiveCfg = Debug|Any CPU
		{03615E69-5013-4770-B39F-1761C293D121}.Debug|Any CPU.Build.0 = Debug|Any CPU
		{03615E69-5013-4770-B39F-1761C293D121}.Release|Any CPU.ActiveCfg = Release|Any CPU
		{03615E69-5013-4770-B39F-1761C293D121}.Release|Any CPU.Build.0 = Release|Any CPU
	EndGlobalSection
	GlobalSection(SolutionProperties) = preSolution
		HideSolutionNode = FALSE
	EndGlobalSection
	GlobalSection(ExtensibilityGlobals) = postSolution
		SolutionGuid = {D4261ED4-83C1-4A19-A68F-6299966689ED}
	EndGlobalSection
EndGlobal
